<?xml version="1.0" encoding="utf-8"?>
<Project ToolsVersion="4.0" xmlns="http://schemas.microsoft.com/developer/msbuild/2003">
  <ItemGroup>
    <Filter Include="Source Files">
      <UniqueIdentifier>{4FC737F1-C7A5-4376-A066-2A32D752A2FF}</UniqueIdentifier>
      <Extensions>cpp;c;cc;cxx;def;odl;idl;hpj;bat;asm;asmx</Extensions>
    </Filter>
    <Filter Include="Header Files">
      <UniqueIdentifier>{93995380-89BD-4b04-88EB-625FBE52EBFB}</UniqueIdentifier>
      <Extensions>h;hpp;hxx;hm;inl;inc;xsd</Extensions>
    </Filter>
    <Filter Include="Resource Files">
      <UniqueIdentifier>{67DA6AB6-F800-4c08-8B7A-83BB121AAD01}</UniqueIdentifier>
      <Extensions>rc;ico;cur;bmp;dlg;rc2;rct;bin;rgs;gif;jpg;jpeg;jpe;resx;tiff;tif;png;wav;mfcribbon-ms</Extensions>
    </Filter>
  </ItemGroup>
  <ItemGroup>
    <ClInclude Include="thrift\cxxfunctional.h">
      <Filter>Header Files</Filter>
    </ClInclude>
    <ClInclude Include="thrift\TApplicationException.h">
      <Filter>Header Files</Filter>
    </ClInclude>
    <ClInclude Include="thrift\TDispatchProcessor.h">
      <Filter>Header Files</Filter>
    </ClInclude>
    <ClInclude Include="thrift\Thrift.h">
      <Filter>Header Files</Filter>
    </ClInclude>
    <ClInclude Include="thrift\thrift-config.h">
      <Filter>Header Files</Filter>
    </ClInclude>
    <ClInclude Include="thrift\TLogging.h">
      <Filter>Header Files</Filter>
    </ClInclude>
    <ClInclude Include="thrift\TProcessor.h">
      <Filter>Header Files</Filter>
    </ClInclude>
    <ClInclude Include="thrift\TReflectionLocal.h">
      <Filter>Header Files</Filter>
    </ClInclude>
    <ClInclude Include="thrift\async\TAsyncBufferProcessor.h">
      <Filter>Header Files</Filter>
    </ClInclude>
    <ClInclude Include="thrift\async\TAsyncChannel.h">
      <Filter>Header Files</Filter>
    </ClInclude>
    <ClInclude Include="thrift\async\TAsyncDispatchProcessor.h">
      <Filter>Header Files</Filter>
    </ClInclude>
    <ClInclude Include="thrift\async\TAsyncProcessor.h">
      <Filter>Header Files</Filter>
    </ClInclude>
    <ClInclude Include="thrift\async\TAsyncProtocolProcessor.h">
      <Filter>Header Files</Filter>
    </ClInclude>
    <ClInclude Include="thrift\async\TEvhttpClientChannel.h">
      <Filter>Header Files</Filter>
    </ClInclude>
    <ClInclude Include="thrift\async\TEvhttpServer.h">
      <Filter>Header Files</Filter>
    </ClInclude>
    <ClInclude Include="thrift\concurrency\BoostThreadFactory.h">
      <Filter>Header Files</Filter>
    </ClInclude>
    <ClInclude Include="thrift\concurrency\Exception.h">
      <Filter>Header Files</Filter>
    </ClInclude>
    <ClInclude Include="thrift\concurrency\FunctionRunner.h">
      <Filter>Header Files</Filter>
    </ClInclude>
    <ClInclude Include="thrift\concurrency\Monitor.h">
      <Filter>Header Files</Filter>
    </ClInclude>
    <ClInclude Include="thrift\concurrency\Mutex.h">
      <Filter>Header Files</Filter>
    </ClInclude>
    <ClInclude Include="thrift\concurrency\PlatformThreadFactory.h">
      <Filter>Header Files</Filter>
    </ClInclude>
    <ClInclude Include="thrift\concurrency\PosixThreadFactory.h">
      <Filter>Header Files</Filter>
    </ClInclude>
    <ClInclude Include="thrift\concurrency\StdThreadFactory.h">
      <Filter>Header Files</Filter>
    </ClInclude>
    <ClInclude Include="thrift\concurrency\Thread.h">
      <Filter>Header Files</Filter>
    </ClInclude>
    <ClInclude Include="thrift\concurrency\ThreadManager.h">
      <Filter>Header Files</Filter>
    </ClInclude>
    <ClInclude Include="thrift\concurrency\TimerManager.h">
      <Filter>Header Files</Filter>
    </ClInclude>
    <ClInclude Include="thrift\concurrency\Util.h">
      <Filter>Header Files</Filter>
    </ClInclude>
    <ClInclude Include="thrift\processor\PeekProcessor.h">
      <Filter>Header Files</Filter>
    </ClInclude>
    <ClInclude Include="thrift\processor\StatsProcessor.h">
      <Filter>Header Files</Filter>
    </ClInclude>
    <ClInclude Include="thrift\processor\TMultiplexedProcessor.h">
      <Filter>Header Files</Filter>
    </ClInclude>
    <ClInclude Include="thrift\protocol\TBase64Utils.h">
      <Filter>Header Files</Filter>
    </ClInclude>
    <ClInclude Include="thrift\protocol\TBinaryProtocol.h">
      <Filter>Header Files</Filter>
    </ClInclude>
    <ClInclude Include="thrift\protocol\TCompactProtocol.h">
      <Filter>Header Files</Filter>
    </ClInclude>
    <ClInclude Include="thrift\protocol\TDebugProtocol.h">
      <Filter>Header Files</Filter>
    </ClInclude>
    <ClInclude Include="thrift\protocol\TDenseProtocol.h">
      <Filter>Header Files</Filter>
    </ClInclude>
    <ClInclude Include="thrift\protocol\TJSONProtocol.h">
      <Filter>Header Files</Filter>
    </ClInclude>
    <ClInclude Include="thrift\protocol\TMultiplexedProtocol.h">
      <Filter>Header Files</Filter>
    </ClInclude>
    <ClInclude Include="thrift\protocol\TProtocol.h">
      <Filter>Header Files</Filter>
    </ClInclude>
    <ClInclude Include="thrift\protocol\TProtocolDecorator.h">
      <Filter>Header Files</Filter>
    </ClInclude>
    <ClInclude Include="thrift\protocol\TProtocolException.h">
      <Filter>Header Files</Filter>
    </ClInclude>
    <ClInclude Include="thrift\protocol\TProtocolTap.h">
      <Filter>Header Files</Filter>
    </ClInclude>
    <ClInclude Include="thrift\protocol\TVirtualProtocol.h">
      <Filter>Header Files</Filter>
    </ClInclude>
    <ClInclude Include="thrift\qt\TQIODeviceTransport.h">
      <Filter>Header Files</Filter>
    </ClInclude>
    <ClInclude Include="thrift\qt\TQTcpServer.h">
      <Filter>Header Files</Filter>
    </ClInclude>
    <ClInclude Include="thrift\server\TNonblockingServer.h">
      <Filter>Header Files</Filter>
    </ClInclude>
    <ClInclude Include="thrift\server\TServer.h">
      <Filter>Header Files</Filter>
    </ClInclude>
    <ClInclude Include="thrift\server\TSimpleServer.h">
      <Filter>Header Files</Filter>
    </ClInclude>
    <ClInclude Include="thrift\server\TThreadedServer.h">
      <Filter>Header Files</Filter>
    </ClInclude>
    <ClInclude Include="thrift\server\TThreadPoolServer.h">
      <Filter>Header Files</Filter>
    </ClInclude>
    <ClInclude Include="thrift\transport\PlatformSocket.h">
      <Filter>Header Files</Filter>
    </ClInclude>
    <ClInclude Include="thrift\transport\TBufferTransports.h">
      <Filter>Header Files</Filter>
    </ClInclude>
    <ClInclude Include="thrift\transport\TFDTransport.h">
      <Filter>Header Files</Filter>
    </ClInclude>
    <ClInclude Include="thrift\transport\TFileTransport.h">
      <Filter>Header Files</Filter>
    </ClInclude>
    <ClInclude Include="thrift\transport\THttpClient.h">
      <Filter>Header Files</Filter>
    </ClInclude>
    <ClInclude Include="thrift\transport\THttpServer.h">
      <Filter>Header Files</Filter>
    </ClInclude>
    <ClInclude Include="thrift\transport\THttpTransport.h">
      <Filter>Header Files</Filter>
    </ClInclude>
    <ClInclude Include="thrift\transport\TPipe.h">
      <Filter>Header Files</Filter>
    </ClInclude>
    <ClInclude Include="thrift\transport\TPipeServer.h">
      <Filter>Header Files</Filter>
    </ClInclude>
    <ClInclude Include="thrift\transport\TServerSocket.h">
      <Filter>Header Files</Filter>
    </ClInclude>
    <ClInclude Include="thrift\transport\TServerTransport.h">
      <Filter>Header Files</Filter>
    </ClInclude>
    <ClInclude Include="thrift\transport\TShortReadTransport.h">
      <Filter>Header Files</Filter>
    </ClInclude>
    <ClInclude Include="thrift\transport\TSimpleFileTransport.h">
      <Filter>Header Files</Filter>
    </ClInclude>
    <ClInclude Include="thrift\transport\TSocket.h">
      <Filter>Header Files</Filter>
    </ClInclude>
    <ClInclude Include="thrift\transport\TSocketPool.h">
      <Filter>Header Files</Filter>
    </ClInclude>
    <ClInclude Include="thrift\transport\TSSLServerSocket.h">
      <Filter>Header Files</Filter>
    </ClInclude>
    <ClInclude Include="thrift\transport\TSSLSocket.h">
      <Filter>Header Files</Filter>
    </ClInclude>
    <ClInclude Include="thrift\transport\TTransport.h">
      <Filter>Header Files</Filter>
    </ClInclude>
    <ClInclude Include="thrift\transport\TTransportException.h">
      <Filter>Header Files</Filter>
    </ClInclude>
    <ClInclude Include="thrift\transport\TTransportUtils.h">
      <Filter>Header Files</Filter>
    </ClInclude>
    <ClInclude Include="thrift\transport\TVirtualTransport.h">
      <Filter>Header Files</Filter>
    </ClInclude>
    <ClInclude Include="thrift\transport\TZlibTransport.h">
      <Filter>Header Files</Filter>
    </ClInclude>
    <ClInclude Include="thrift\windows\force_inc.h">
      <Filter>Header Files</Filter>
    </ClInclude>
    <ClInclude Include="thrift\windows\GetTimeOfDay.h">
      <Filter>Header Files</Filter>
    </ClInclude>
    <ClInclude Include="thrift\windows\Operators.h">
      <Filter>Header Files</Filter>
    </ClInclude>
    <ClInclude Include="thrift\windows\SocketPair.h">
      <Filter>Header Files</Filter>
    </ClInclude>
    <ClInclude Include="thrift\windows\StdAfx.h">
      <Filter>Header Files</Filter>
    </ClInclude>
    <ClInclude Include="thrift\windows\TargetVersion.h">
      <Filter>Header Files</Filter>
    </ClInclude>
    <ClInclude Include="thrift\windows\TWinsockSingleton.h">
      <Filter>Header Files</Filter>
    </ClInclude>
    <ClInclude Include="thrift\windows\WinFcntl.h">
      <Filter>Header Files</Filter>
    </ClInclude>
    <ClInclude Include="thrift\windows\config.h">
      <Filter>Header Files</Filter>
    </ClInclude>
  </ItemGroup>
  <ItemGroup>
    <ClCompile Include="thrift\TApplicationException.cpp">
      <Filter>Source Files</Filter>
    </ClCompile>
    <ClCompile Include="thrift\Thrift.cpp">
      <Filter>Source Files</Filter>
    </ClCompile>
    <ClCompile Include="thrift\server\TSimpleServer.cpp">
      <Filter>Source Files</Filter>
    </ClCompile>
    <ClCompile Include="thrift\transport\TBufferTransports.cpp">
      <Filter>Source Files</Filter>
    </ClCompile>
    <ClCompile Include="thrift\transport\TServerSocket.cpp">
      <Filter>Source Files</Filter>
    </ClCompile>
    <ClCompile Include="thrift\transport\TSocket.cpp">
      <Filter>Source Files</Filter>
    </ClCompile>
    <ClCompile Include="thrift\windows\TWinsockSingleton.cpp">
      <Filter>Source Files</Filter>
    </ClCompile>
    <ClCompile Include="thrift\windows\WinFcntl.cpp">
      <Filter>Source Files</Filter>
    </ClCompile>
    <ClCompile Include="thrift\windows\GetTimeOfDay.cpp">
      <Filter>Source Files</Filter>
    </ClCompile>
  </ItemGroup>
  <ItemGroup>
    <None Include="thrift\protocol\TBinaryProtocol.tcc" />
    <None Include="thrift\protocol\TCompactProtocol.tcc" />
  </ItemGroup>
</Project>