<?xml version="1.0" encoding="utf-8"?>
<Project ToolsVersion="4.0" xmlns="http://schemas.microsoft.com/developer/msbuild/2003">
  <ItemGroup>
    <Filter Include="Source Files">
      <UniqueIdentifier>{4FC737F1-C7A5-4376-A066-2A32D752A2FF}</UniqueIdentifier>
      <Extensions>cpp;c;cc;cxx;def;odl;idl;hpj;bat;asm;asmx</Extensions>
    </Filter>
    <Filter Include="Header Files">
      <UniqueIdentifier>{93995380-89BD-4b04-88EB-625FBE52EBFB}</UniqueIdentifier>
      <Extensions>h;hpp;hxx;hm;inl;inc;xsd</Extensions>
    </Filter>
    <Filter Include="Resource Files">
      <UniqueIdentifier>{67DA6AB6-F800-4c08-8B7A-83BB121AAD01}</UniqueIdentifier>
      <Extensions>rc;ico;cur;bmp;dlg;rc2;rct;bin;rgs;gif;jpg;jpeg;jpe;resx;tiff;tif;png;wav</Extensions>
    </Filter>
  </ItemGroup>
  <ItemGroup>
    <ClCompile Include="altertable.cpp">
      <Filter>Source Files</Filter>
    </ClCompile>
    <ClCompile Include="columndef.cpp">
      <Filter>Source Files</Filter>
    </ClCompile>
    <ClCompile Include="createindex.cpp">
      <Filter>Source Files</Filter>
    </ClCompile>
    <ClCompile Include="createtable.cpp">
      <Filter>Source Files</Filter>
    </ClCompile>
    <ClCompile Include="ddl-gram-win.cpp">
      <Filter>Source Files</Filter>
    </ClCompile>
    <ClCompile Include="ddl-scan-win.cpp">
      <Filter>Source Files</Filter>
    </ClCompile>
    <ClCompile Include="ddlpkg.cpp">
      <Filter>Source Files</Filter>
    </ClCompile>
    <ClCompile Include="dropindex.cpp">
      <Filter>Source Files</Filter>
    </ClCompile>
    <ClCompile Include="droppartition.cpp">
      <Filter>Source Files</Filter>
    </ClCompile>
    <ClCompile Include="droptable.cpp">
      <Filter>Source Files</Filter>
    </ClCompile>
    <ClCompile Include="markpartition.cpp">
      <Filter>Source Files</Filter>
    </ClCompile>
    <ClCompile Include="restorepartition.cpp">
      <Filter>Source Files</Filter>
    </ClCompile>
    <ClCompile Include="serialize.cpp">
      <Filter>Source Files</Filter>
    </ClCompile>
    <ClCompile Include="sqlparser.cpp">
      <Filter>Source Files</Filter>
    </ClCompile>
    <ClCompile Include="sqlstatement.cpp">
      <Filter>Source Files</Filter>
    </ClCompile>
    <ClCompile Include="sqlstatementlist.cpp">
      <Filter>Source Files</Filter>
    </ClCompile>
    <ClCompile Include="tabledef.cpp">
      <Filter>Source Files</Filter>
    </ClCompile>
  </ItemGroup>
  <ItemGroup>
    <ClInclude Include="ddl-gram-win.h">
      <Filter>Header Files</Filter>
    </ClInclude>
    <ClInclude Include="ddlpkg.h">
      <Filter>Header Files</Filter>
    </ClInclude>
    <ClInclude Include="sqlparser.h">
      <Filter>Header Files</Filter>
    </ClInclude>
  </ItemGroup>
</Project>