<?xml version="1.0" encoding="utf-8"?>
<Project ToolsVersion="4.0" xmlns="http://schemas.microsoft.com/developer/msbuild/2003">
  <ItemGroup>
    <Filter Include="Source Files">
      <UniqueIdentifier>{4FC737F1-C7A5-4376-A066-2A32D752A2FF}</UniqueIdentifier>
      <Extensions>cpp;c;cc;cxx;def;odl;idl;hpj;bat;asm;asmx</Extensions>
    </Filter>
    <Filter Include="Header Files">
      <UniqueIdentifier>{93995380-89BD-4b04-88EB-625FBE52EBFB}</UniqueIdentifier>
      <Extensions>h;hpp;hxx;hm;inl;inc;xsd</Extensions>
    </Filter>
    <Filter Include="Resource Files">
      <UniqueIdentifier>{67DA6AB6-F800-4c08-8B7A-83BB121AAD01}</UniqueIdentifier>
      <Extensions>rc;ico;cur;bmp;dlg;rc2;rct;bin;rgs;gif;jpg;jpeg;jpe;resx;tiff;tif;png;wav</Extensions>
    </Filter>
  </ItemGroup>
  <ItemGroup>
    <ClCompile Include="aggregatecolumn.cpp">
      <Filter>Source Files</Filter>
    </ClCompile>
    <ClCompile Include="arithmeticcolumn.cpp">
      <Filter>Source Files</Filter>
    </ClCompile>
    <ClCompile Include="arithmeticoperator.cpp">
      <Filter>Source Files</Filter>
    </ClCompile>
    <ClCompile Include="calpontexecutionplan.cpp">
      <Filter>Source Files</Filter>
    </ClCompile>
    <ClCompile Include="calpontselectexecutionplan.cpp">
      <Filter>Source Files</Filter>
    </ClCompile>
    <ClCompile Include="calpontsystemcatalog.cpp">
      <Filter>Source Files</Filter>
    </ClCompile>
    <ClCompile Include="clientrotator.cpp">
      <Filter>Source Files</Filter>
    </ClCompile>
    <ClCompile Include="constantcolumn.cpp">
      <Filter>Source Files</Filter>
    </ClCompile>
    <ClCompile Include="constantfilter.cpp">
      <Filter>Source Files</Filter>
    </ClCompile>
    <ClCompile Include="existsfilter.cpp">
      <Filter>Source Files</Filter>
    </ClCompile>
    <ClCompile Include="expressionparser.cpp">
      <Filter>Source Files</Filter>
    </ClCompile>
    <ClCompile Include="filter.cpp">
      <Filter>Source Files</Filter>
    </ClCompile>
    <ClCompile Include="functioncolumn.cpp">
      <Filter>Source Files</Filter>
    </ClCompile>
    <ClCompile Include="groupconcatcolumn.cpp">
      <Filter>Source Files</Filter>
    </ClCompile>
    <ClCompile Include="intervalcolumn.cpp">
      <Filter>Source Files</Filter>
    </ClCompile>
    <ClCompile Include="logicoperator.cpp">
      <Filter>Source Files</Filter>
    </ClCompile>
    <ClCompile Include="objectidmanager.cpp">
      <Filter>Source Files</Filter>
    </ClCompile>
    <ClCompile Include="objectreader.cpp">
      <Filter>Source Files</Filter>
    </ClCompile>
    <ClCompile Include="operator.cpp">
      <Filter>Source Files</Filter>
    </ClCompile>
    <ClCompile Include="outerjoinonfilter.cpp">
      <Filter>Source Files</Filter>
    </ClCompile>
    <ClCompile Include="predicateoperator.cpp">
      <Filter>Source Files</Filter>
    </ClCompile>
    <ClCompile Include="returnedcolumn.cpp">
      <Filter>Source Files</Filter>
    </ClCompile>
    <ClCompile Include="rowcolumn.cpp">
      <Filter>Source Files</Filter>
    </ClCompile>
    <ClCompile Include="selectfilter.cpp">
      <Filter>Source Files</Filter>
    </ClCompile>
    <ClCompile Include="sessionmanager.cpp">
      <Filter>Source Files</Filter>
    </ClCompile>
    <ClCompile Include="simplecolumn.cpp">
      <Filter>Source Files</Filter>
    </ClCompile>
    <ClCompile Include="simplefilter.cpp">
      <Filter>Source Files</Filter>
    </ClCompile>
    <ClCompile Include="simplescalarfilter.cpp">
      <Filter>Source Files</Filter>
    </ClCompile>
    <ClCompile Include="treenode.cpp">
      <Filter>Source Files</Filter>
    </ClCompile>
    <ClCompile Include="treenodeimpl.cpp">
      <Filter>Source Files</Filter>
    </ClCompile>
    <ClCompile Include="windowfunctioncolumn.cpp">
      <Filter>Source Files</Filter>
    </ClCompile>
    <ClCompile Include="pseudocolumn.cpp">
      <Filter>Source Files</Filter>
    </ClCompile>
  </ItemGroup>
  <ItemGroup>
    <ClInclude Include="aggregatecolumn.h">
      <Filter>Header Files</Filter>
    </ClInclude>
    <ClInclude Include="arithmeticcolumn.h">
      <Filter>Header Files</Filter>
    </ClInclude>
    <ClInclude Include="arithmeticoperator.h">
      <Filter>Header Files</Filter>
    </ClInclude>
    <ClInclude Include="blocksize.h">
      <Filter>Header Files</Filter>
    </ClInclude>
    <ClInclude Include="calpontexecutionplan.h">
      <Filter>Header Files</Filter>
    </ClInclude>
    <ClInclude Include="calpontexecutionplanfactory.h">
      <Filter>Header Files</Filter>
    </ClInclude>
    <ClInclude Include="calpontselectexecutionplan.h">
      <Filter>Header Files</Filter>
    </ClInclude>
    <ClInclude Include="calpontsystemcatalog.h">
      <Filter>Header Files</Filter>
    </ClInclude>
    <ClInclude Include="clientrotator.h">
      <Filter>Header Files</Filter>
    </ClInclude>
    <ClInclude Include="constantcolumn.h">
      <Filter>Header Files</Filter>
    </ClInclude>
    <ClInclude Include="constantfilter.h">
      <Filter>Header Files</Filter>
    </ClInclude>
    <ClInclude Include="existsfilter.h">
      <Filter>Header Files</Filter>
    </ClInclude>
    <ClInclude Include="exp_templates.h">
      <Filter>Header Files</Filter>
    </ClInclude>
    <ClInclude Include="expressionparser.h">
      <Filter>Header Files</Filter>
    </ClInclude>
    <ClInclude Include="filter.h">
      <Filter>Header Files</Filter>
    </ClInclude>
    <ClInclude Include="functioncolumn.h">
      <Filter>Header Files</Filter>
    </ClInclude>
    <ClInclude Include="groupconcatcolumn.h">
      <Filter>Header Files</Filter>
    </ClInclude>
    <ClInclude Include="intervalcolumn.h">
      <Filter>Header Files</Filter>
    </ClInclude>
    <ClInclude Include="logicoperator.h">
      <Filter>Header Files</Filter>
    </ClInclude>
    <ClInclude Include="mysqlexecutionplan.h">
      <Filter>Header Files</Filter>
    </ClInclude>
    <ClInclude Include="njlcolumnresult.h">
      <Filter>Header Files</Filter>
    </ClInclude>
    <ClInclude Include="objectidmanager.h">
      <Filter>Header Files</Filter>
    </ClInclude>
    <ClInclude Include="objectreader.h">
      <Filter>Header Files</Filter>
    </ClInclude>
    <ClInclude Include="operator.h">
      <Filter>Header Files</Filter>
    </ClInclude>
    <ClInclude Include="oracleexecutionplan.h">
      <Filter>Header Files</Filter>
    </ClInclude>
    <ClInclude Include="outerjoinonfilter.h">
      <Filter>Header Files</Filter>
    </ClInclude>
    <ClInclude Include="parsetree.h">
      <Filter>Header Files</Filter>
    </ClInclude>
    <ClInclude Include="predicateoperator.h">
      <Filter>Header Files</Filter>
    </ClInclude>
    <ClInclude Include="range.h">
      <Filter>Header Files</Filter>
    </ClInclude>
    <ClInclude Include="returnedcolumn.h">
      <Filter>Header Files</Filter>
    </ClInclude>
    <ClInclude Include="rowcolumn.h">
      <Filter>Header Files</Filter>
    </ClInclude>
    <ClInclude Include="selectfilter.h">
      <Filter>Header Files</Filter>
    </ClInclude>
    <ClInclude Include="sessionmanager.h">
      <Filter>Header Files</Filter>
    </ClInclude>
    <ClInclude Include="simplecolumn.h">
      <Filter>Header Files</Filter>
    </ClInclude>
    <ClInclude Include="simplecolumn_decimal.h">
      <Filter>Header Files</Filter>
    </ClInclude>
    <ClInclude Include="simplecolumn_int.h">
      <Filter>Header Files</Filter>
    </ClInclude>
    <ClInclude Include="simplefilter.h">
      <Filter>Header Files</Filter>
    </ClInclude>
    <ClInclude Include="simplescalarfilter.h">
      <Filter>Header Files</Filter>
    </ClInclude>
    <ClInclude Include="treenode.h">
      <Filter>Header Files</Filter>
    </ClInclude>
    <ClInclude Include="treenodeimpl.h">
      <Filter>Header Files</Filter>
    </ClInclude>
    <ClInclude Include="vendorexecutionplan.h">
      <Filter>Header Files</Filter>
    </ClInclude>
    <ClInclude Include="windowfunctioncolumn.h">
      <Filter>Header Files</Filter>
    </ClInclude>
    <ClInclude Include="simplecolumn_uint.h">
      <Filter>Header Files</Filter>
    </ClInclude>
    <ClInclude Include="pseudocolumn.h">
      <Filter>Header Files</Filter>
    </ClInclude>
  </ItemGroup>
</Project>