<?xml version="1.0" encoding="utf-8"?>
<Project ToolsVersion="4.0" xmlns="http://schemas.microsoft.com/developer/msbuild/2003">
  <ItemGroup>
    <Filter Include="Source Files">
      <UniqueIdentifier>{4FC737F1-C7A5-4376-A066-2A32D752A2FF}</UniqueIdentifier>
      <Extensions>cpp;c;cc;cxx;def;odl;idl;hpj;bat;asm;asmx</Extensions>
    </Filter>
    <Filter Include="Header Files">
      <UniqueIdentifier>{93995380-89BD-4b04-88EB-625FBE52EBFB}</UniqueIdentifier>
      <Extensions>h;hpp;hxx;hm;inl;inc;xsd</Extensions>
    </Filter>
    <Filter Include="Resource Files">
      <UniqueIdentifier>{67DA6AB6-F800-4c08-8B7A-83BB121AAD01}</UniqueIdentifier>
      <Extensions>rc;ico;cur;bmp;dlg;rc2;rct;bin;rgs;gif;jpg;jpeg;jpe;resx;tiff;tif;png;wav</Extensions>
    </Filter>
  </ItemGroup>
  <ItemGroup>
    <ClCompile Include="framebound.cpp">
      <Filter>Source Files</Filter>
    </ClCompile>
    <ClCompile Include="frameboundrange.cpp">
      <Filter>Source Files</Filter>
    </ClCompile>
    <ClCompile Include="frameboundrow.cpp">
      <Filter>Source Files</Filter>
    </ClCompile>
    <ClCompile Include="idborderby.cpp">
      <Filter>Source Files</Filter>
    </ClCompile>
    <ClCompile Include="wf_count.cpp">
      <Filter>Source Files</Filter>
    </ClCompile>
    <ClCompile Include="wf_lead_lag.cpp">
      <Filter>Source Files</Filter>
    </ClCompile>
    <ClCompile Include="wf_min_max.cpp">
      <Filter>Source Files</Filter>
    </ClCompile>
    <ClCompile Include="wf_nth_value.cpp">
      <Filter>Source Files</Filter>
    </ClCompile>
    <ClCompile Include="wf_ntile.cpp">
      <Filter>Source Files</Filter>
    </ClCompile>
    <ClCompile Include="wf_percentile.cpp">
      <Filter>Source Files</Filter>
    </ClCompile>
    <ClCompile Include="wf_ranking.cpp">
      <Filter>Source Files</Filter>
    </ClCompile>
    <ClCompile Include="wf_row_number.cpp">
      <Filter>Source Files</Filter>
    </ClCompile>
    <ClCompile Include="wf_stats.cpp">
      <Filter>Source Files</Filter>
    </ClCompile>
    <ClCompile Include="wf_sum_avg.cpp">
      <Filter>Source Files</Filter>
    </ClCompile>
    <ClCompile Include="windowframe.cpp">
      <Filter>Source Files</Filter>
    </ClCompile>
    <ClCompile Include="windowfunction.cpp">
      <Filter>Source Files</Filter>
    </ClCompile>
    <ClCompile Include="windowfunctiontype.cpp">
      <Filter>Source Files</Filter>
    </ClCompile>
  </ItemGroup>
  <ItemGroup>
    <ClInclude Include="framebound.h">
      <Filter>Header Files</Filter>
    </ClInclude>
    <ClInclude Include="frameboundrange.h">
      <Filter>Header Files</Filter>
    </ClInclude>
    <ClInclude Include="frameboundrow.h">
      <Filter>Header Files</Filter>
    </ClInclude>
    <ClInclude Include="idborderby.h">
      <Filter>Header Files</Filter>
    </ClInclude>
    <ClInclude Include="wf_avg.h">
      <Filter>Header Files</Filter>
    </ClInclude>
    <ClInclude Include="wf_count.h">
      <Filter>Header Files</Filter>
    </ClInclude>
    <ClInclude Include="wf_leadlag.h">
      <Filter>Header Files</Filter>
    </ClInclude>
    <ClInclude Include="wf_max.h">
      <Filter>Header Files</Filter>
    </ClInclude>
    <ClInclude Include="wf_min.h">
      <Filter>Header Files</Filter>
    </ClInclude>
    <ClInclude Include="wf_nth_value.h">
      <Filter>Header Files</Filter>
    </ClInclude>
    <ClInclude Include="wf_ntile.h">
      <Filter>Header Files</Filter>
    </ClInclude>
    <ClInclude Include="wf_percentile.h">
      <Filter>Header Files</Filter>
    </ClInclude>
    <ClInclude Include="wf_ranking.h">
      <Filter>Header Files</Filter>
    </ClInclude>
    <ClInclude Include="wf_row_number.h">
      <Filter>Header Files</Filter>
    </ClInclude>
    <ClInclude Include="wf_stats.h">
      <Filter>Header Files</Filter>
    </ClInclude>
    <ClInclude Include="wf_sum.h">
      <Filter>Header Files</Filter>
    </ClInclude>
    <ClInclude Include="windowframe.h">
      <Filter>Header Files</Filter>
    </ClInclude>
    <ClInclude Include="windowfunction.h">
      <Filter>Header Files</Filter>
    </ClInclude>
    <ClInclude Include="windowfunctiontype.h">
      <Filter>Header Files</Filter>
    </ClInclude>
  </ItemGroup>
</Project>