<?xml version="1.0" encoding="utf-8"?>
<Project ToolsVersion="4.0" xmlns="http://schemas.microsoft.com/developer/msbuild/2003">
  <ItemGroup>
    <Filter Include="Source Files">
      <UniqueIdentifier>{4FC737F1-C7A5-4376-A066-2A32D752A2FF}</UniqueIdentifier>
      <Extensions>cpp;c;cc;cxx;def;odl;idl;hpj;bat;asm;asmx</Extensions>
    </Filter>
    <Filter Include="Header Files">
      <UniqueIdentifier>{93995380-89BD-4b04-88EB-625FBE52EBFB}</UniqueIdentifier>
      <Extensions>h;hpp;hxx;hm;inl;inc;xsd</Extensions>
    </Filter>
    <Filter Include="Resource Files">
      <UniqueIdentifier>{67DA6AB6-F800-4c08-8B7A-83BB121AAD01}</UniqueIdentifier>
      <Extensions>rc;ico;cur;bmp;dlg;rc2;rct;bin;rgs;gif;jpg;jpeg;jpe;resx;tiff;tif;png;wav</Extensions>
    </Filter>
  </ItemGroup>
  <ItemGroup>
    <ClCompile Include="column.cc">
      <Filter>Source Files</Filter>
    </ClCompile>
    <ClCompile Include="command.cc">
      <Filter>Source Files</Filter>
    </ClCompile>
    <ClCompile Include="conn.cc">
      <Filter>Source Files</Filter>
    </ClCompile>
    <ClCompile Include="conn_uds.cc">
      <Filter>Source Files</Filter>
    </ClCompile>
    <ClCompile Include="drizzle.cc">
      <Filter>Source Files</Filter>
    </ClCompile>
    <ClCompile Include="field.cc">
      <Filter>Source Files</Filter>
    </ClCompile>
    <ClCompile Include="handshake.cc">
      <Filter>Source Files</Filter>
    </ClCompile>
    <ClCompile Include="pack.cc">
      <Filter>Source Files</Filter>
    </ClCompile>
    <ClCompile Include="query.cc">
      <Filter>Source Files</Filter>
    </ClCompile>
    <ClCompile Include="result.cc">
      <Filter>Source Files</Filter>
    </ClCompile>
    <ClCompile Include="row.cc">
      <Filter>Source Files</Filter>
    </ClCompile>
    <ClCompile Include="sha1.cc">
      <Filter>Source Files</Filter>
    </ClCompile>
    <ClCompile Include="state.cc">
      <Filter>Source Files</Filter>
    </ClCompile>
  </ItemGroup>
  <ItemGroup>
    <ClInclude Include="libdrizzle-2.0\column.h">
      <Filter>Header Files</Filter>
    </ClInclude>
    <ClInclude Include="libdrizzle-2.0\column_client.h">
      <Filter>Header Files</Filter>
    </ClInclude>
    <ClInclude Include="libdrizzle-2.0\column_server.h">
      <Filter>Header Files</Filter>
    </ClInclude>
    <ClInclude Include="libdrizzle-2.0\command.h">
      <Filter>Header Files</Filter>
    </ClInclude>
    <ClInclude Include="libdrizzle-2.0\command_client.h">
      <Filter>Header Files</Filter>
    </ClInclude>
    <ClInclude Include="libdrizzle-2.0\command_server.h">
      <Filter>Header Files</Filter>
    </ClInclude>
    <ClInclude Include="libdrizzle-2.0\common.h">
      <Filter>Header Files</Filter>
    </ClInclude>
    <ClInclude Include="libdrizzle-2.0\conn.h">
      <Filter>Header Files</Filter>
    </ClInclude>
    <ClInclude Include="libdrizzle-2.0\conn_client.h">
      <Filter>Header Files</Filter>
    </ClInclude>
    <ClInclude Include="libdrizzle-2.0\conn_local.h">
      <Filter>Header Files</Filter>
    </ClInclude>
    <ClInclude Include="libdrizzle-2.0\conn_server.h">
      <Filter>Header Files</Filter>
    </ClInclude>
    <ClInclude Include="libdrizzle-2.0\constants.h">
      <Filter>Header Files</Filter>
    </ClInclude>
    <ClInclude Include="libdrizzle-2.0\deprecated_enum.h">
      <Filter>Header Files</Filter>
    </ClInclude>
    <ClInclude Include="libdrizzle-2.0\drizzle.h">
      <Filter>Header Files</Filter>
    </ClInclude>
    <ClInclude Include="libdrizzle-2.0\drizzle_client.h">
      <Filter>Header Files</Filter>
    </ClInclude>
    <ClInclude Include="libdrizzle-2.0\drizzle_local.h">
      <Filter>Header Files</Filter>
    </ClInclude>
    <ClInclude Include="libdrizzle-2.0\drizzle_server.h">
      <Filter>Header Files</Filter>
    </ClInclude>
    <ClInclude Include="libdrizzle-2.0\field_client.h">
      <Filter>Header Files</Filter>
    </ClInclude>
    <ClInclude Include="libdrizzle-2.0\field_server.h">
      <Filter>Header Files</Filter>
    </ClInclude>
    <ClInclude Include="libdrizzle-2.0\handshake_client.h">
      <Filter>Header Files</Filter>
    </ClInclude>
    <ClInclude Include="libdrizzle-2.0\handshake_server.h">
      <Filter>Header Files</Filter>
    </ClInclude>
    <ClInclude Include="libdrizzle-2.0\libdrizzle.h">
      <Filter>Header Files</Filter>
    </ClInclude>
    <ClInclude Include="libdrizzle-2.0\libdrizzle.hpp">
      <Filter>Header Files</Filter>
    </ClInclude>
    <ClInclude Include="libdrizzle-2.0\limits.h">
      <Filter>Header Files</Filter>
    </ClInclude>
    <ClInclude Include="libdrizzle-2.0\pack.h">
      <Filter>Header Files</Filter>
    </ClInclude>
    <ClInclude Include="libdrizzle-2.0\query.h">
      <Filter>Header Files</Filter>
    </ClInclude>
    <ClInclude Include="libdrizzle-2.0\result.h">
      <Filter>Header Files</Filter>
    </ClInclude>
    <ClInclude Include="libdrizzle-2.0\result_client.h">
      <Filter>Header Files</Filter>
    </ClInclude>
    <ClInclude Include="libdrizzle-2.0\result_server.h">
      <Filter>Header Files</Filter>
    </ClInclude>
    <ClInclude Include="libdrizzle-2.0\return.h">
      <Filter>Header Files</Filter>
    </ClInclude>
    <ClInclude Include="libdrizzle-2.0\row_client.h">
      <Filter>Header Files</Filter>
    </ClInclude>
    <ClInclude Include="libdrizzle-2.0\row_server.h">
      <Filter>Header Files</Filter>
    </ClInclude>
    <ClInclude Include="libdrizzle-2.0\sha1.h">
      <Filter>Header Files</Filter>
    </ClInclude>
    <ClInclude Include="libdrizzle-2.0\state.h">
      <Filter>Header Files</Filter>
    </ClInclude>
    <ClInclude Include="libdrizzle-2.0\structs.h">
      <Filter>Header Files</Filter>
    </ClInclude>
    <ClInclude Include="libdrizzle-2.0\verbose.h">
      <Filter>Header Files</Filter>
    </ClInclude>
    <ClInclude Include="libdrizzle-2.0\visibility.h">
      <Filter>Header Files</Filter>
    </ClInclude>
  </ItemGroup>
</Project>