<?xml version="1.0" encoding="utf-8"?>
<Project ToolsVersion="4.0" xmlns="http://schemas.microsoft.com/developer/msbuild/2003">
  <ItemGroup>
    <Filter Include="Source Files">
      <UniqueIdentifier>{4FC737F1-C7A5-4376-A066-2A32D752A2FF}</UniqueIdentifier>
      <Extensions>cpp;c;cc;cxx;def;odl;idl;hpj;bat;asm;asmx</Extensions>
    </Filter>
    <Filter Include="Header Files">
      <UniqueIdentifier>{93995380-89BD-4b04-88EB-625FBE52EBFB}</UniqueIdentifier>
      <Extensions>h;hpp;hxx;hm;inl;inc;xsd</Extensions>
    </Filter>
    <Filter Include="Resource Files">
      <UniqueIdentifier>{67DA6AB6-F800-4c08-8B7A-83BB121AAD01}</UniqueIdentifier>
      <Extensions>rc;ico;cur;bmp;dlg;rc2;rct;bin;rgs;gif;jpg;jpeg;jpe;resx;tiff;tif;png;wav</Extensions>
    </Filter>
  </ItemGroup>
  <ItemGroup>
    <ClCompile Include="func_abs.cpp">
      <Filter>Source Files</Filter>
    </ClCompile>
    <ClCompile Include="func_add_time.cpp">
      <Filter>Source Files</Filter>
    </ClCompile>
    <ClCompile Include="func_ascii.cpp">
      <Filter>Source Files</Filter>
    </ClCompile>
    <ClCompile Include="func_between.cpp">
      <Filter>Source Files</Filter>
    </ClCompile>
    <ClCompile Include="func_bitwise.cpp">
      <Filter>Source Files</Filter>
    </ClCompile>
    <ClCompile Include="func_case.cpp">
      <Filter>Source Files</Filter>
    </ClCompile>
    <ClCompile Include="func_cast.cpp">
      <Filter>Source Files</Filter>
    </ClCompile>
    <ClCompile Include="func_ceil.cpp">
      <Filter>Source Files</Filter>
    </ClCompile>
    <ClCompile Include="func_char.cpp">
      <Filter>Source Files</Filter>
    </ClCompile>
    <ClCompile Include="func_char_length.cpp">
      <Filter>Source Files</Filter>
    </ClCompile>
    <ClCompile Include="func_coalesce.cpp">
      <Filter>Source Files</Filter>
    </ClCompile>
    <ClCompile Include="func_concat.cpp">
      <Filter>Source Files</Filter>
    </ClCompile>
    <ClCompile Include="func_concat_ws.cpp">
      <Filter>Source Files</Filter>
    </ClCompile>
    <ClCompile Include="func_conv.cpp">
      <Filter>Source Files</Filter>
    </ClCompile>
    <ClCompile Include="func_crc32.cpp">
      <Filter>Source Files</Filter>
    </ClCompile>
    <ClCompile Include="func_date.cpp">
      <Filter>Source Files</Filter>
    </ClCompile>
    <ClCompile Include="func_date_add.cpp">
      <Filter>Source Files</Filter>
    </ClCompile>
    <ClCompile Include="func_date_format.cpp">
      <Filter>Source Files</Filter>
    </ClCompile>
    <ClCompile Include="func_day.cpp">
      <Filter>Source Files</Filter>
    </ClCompile>
    <ClCompile Include="func_dayname.cpp">
      <Filter>Source Files</Filter>
    </ClCompile>
    <ClCompile Include="func_dayofweek.cpp">
      <Filter>Source Files</Filter>
    </ClCompile>
    <ClCompile Include="func_dayofyear.cpp">
      <Filter>Source Files</Filter>
    </ClCompile>
    <ClCompile Include="func_div.cpp">
      <Filter>Source Files</Filter>
    </ClCompile>
    <ClCompile Include="func_elt.cpp">
      <Filter>Source Files</Filter>
    </ClCompile>
    <ClCompile Include="func_exp.cpp">
      <Filter>Source Files</Filter>
    </ClCompile>
    <ClCompile Include="func_extract.cpp">
      <Filter>Source Files</Filter>
    </ClCompile>
    <ClCompile Include="func_find_in_set.cpp">
      <Filter>Source Files</Filter>
    </ClCompile>
    <ClCompile Include="func_floor.cpp">
      <Filter>Source Files</Filter>
    </ClCompile>
    <ClCompile Include="func_from_days.cpp">
      <Filter>Source Files</Filter>
    </ClCompile>
    <ClCompile Include="func_from_unixtime.cpp">
      <Filter>Source Files</Filter>
    </ClCompile>
    <ClCompile Include="func_get_format.cpp">
      <Filter>Source Files</Filter>
    </ClCompile>
    <ClCompile Include="func_greatest.cpp">
      <Filter>Source Files</Filter>
    </ClCompile>
    <ClCompile Include="func_hex.cpp">
      <Filter>Source Files</Filter>
    </ClCompile>
    <ClCompile Include="func_hour.cpp">
      <Filter>Source Files</Filter>
    </ClCompile>
    <ClCompile Include="func_if.cpp">
      <Filter>Source Files</Filter>
    </ClCompile>
    <ClCompile Include="func_ifnull.cpp">
      <Filter>Source Files</Filter>
    </ClCompile>
    <ClCompile Include="func_in.cpp">
      <Filter>Source Files</Filter>
    </ClCompile>
    <ClCompile Include="func_inet_aton.cpp">
      <Filter>Source Files</Filter>
    </ClCompile>
    <ClCompile Include="func_inet_ntoa.cpp">
      <Filter>Source Files</Filter>
    </ClCompile>
    <ClCompile Include="func_insert.cpp">
      <Filter>Source Files</Filter>
    </ClCompile>
    <ClCompile Include="func_instr.cpp">
      <Filter>Source Files</Filter>
    </ClCompile>
    <ClCompile Include="func_isnull.cpp">
      <Filter>Source Files</Filter>
    </ClCompile>
    <ClCompile Include="func_last_day.cpp">
      <Filter>Source Files</Filter>
    </ClCompile>
    <ClCompile Include="func_lcase.cpp">
      <Filter>Source Files</Filter>
    </ClCompile>
    <ClCompile Include="func_least.cpp">
      <Filter>Source Files</Filter>
    </ClCompile>
    <ClCompile Include="func_left.cpp">
      <Filter>Source Files</Filter>
    </ClCompile>
    <ClCompile Include="func_length.cpp">
      <Filter>Source Files</Filter>
    </ClCompile>
    <ClCompile Include="func_lpad.cpp">
      <Filter>Source Files</Filter>
    </ClCompile>
    <ClCompile Include="func_ltrim.cpp">
      <Filter>Source Files</Filter>
    </ClCompile>
    <ClCompile Include="func_makedate.cpp">
      <Filter>Source Files</Filter>
    </ClCompile>
    <ClCompile Include="func_maketime.cpp">
      <Filter>Source Files</Filter>
    </ClCompile>
    <ClCompile Include="func_math.cpp">
      <Filter>Source Files</Filter>
    </ClCompile>
    <ClCompile Include="func_md5.cpp">
      <Filter>Source Files</Filter>
    </ClCompile>
    <ClCompile Include="func_microsecond.cpp">
      <Filter>Source Files</Filter>
    </ClCompile>
    <ClCompile Include="func_minute.cpp">
      <Filter>Source Files</Filter>
    </ClCompile>
    <ClCompile Include="func_mod.cpp">
      <Filter>Source Files</Filter>
    </ClCompile>
    <ClCompile Include="func_month.cpp">
      <Filter>Source Files</Filter>
    </ClCompile>
    <ClCompile Include="func_monthname.cpp">
      <Filter>Source Files</Filter>
    </ClCompile>
    <ClCompile Include="func_nullif.cpp">
      <Filter>Source Files</Filter>
    </ClCompile>
    <ClCompile Include="func_period_add.cpp">
      <Filter>Source Files</Filter>
    </ClCompile>
    <ClCompile Include="func_period_diff.cpp">
      <Filter>Source Files</Filter>
    </ClCompile>
    <ClCompile Include="func_pow.cpp">
      <Filter>Source Files</Filter>
    </ClCompile>
    <ClCompile Include="func_quarter.cpp">
      <Filter>Source Files</Filter>
    </ClCompile>
    <ClCompile Include="func_rand.cpp">
      <Filter>Source Files</Filter>
    </ClCompile>
    <ClCompile Include="func_regexp.cpp">
      <Filter>Source Files</Filter>
    </ClCompile>
    <ClCompile Include="func_repeat.cpp">
      <Filter>Source Files</Filter>
    </ClCompile>
    <ClCompile Include="func_replace.cpp">
      <Filter>Source Files</Filter>
    </ClCompile>
    <ClCompile Include="func_reverse.cpp">
      <Filter>Source Files</Filter>
    </ClCompile>
    <ClCompile Include="func_right.cpp">
      <Filter>Source Files</Filter>
    </ClCompile>
    <ClCompile Include="func_round.cpp">
      <Filter>Source Files</Filter>
    </ClCompile>
    <ClCompile Include="func_rpad.cpp">
      <Filter>Source Files</Filter>
    </ClCompile>
    <ClCompile Include="func_rtrim.cpp">
      <Filter>Source Files</Filter>
    </ClCompile>
    <ClCompile Include="func_sec_to_time.cpp">
      <Filter>Source Files</Filter>
    </ClCompile>
    <ClCompile Include="func_second.cpp">
      <Filter>Source Files</Filter>
    </ClCompile>
    <ClCompile Include="func_sha.cpp">
      <Filter>Source Files</Filter>
    </ClCompile>
    <ClCompile Include="func_sign.cpp">
      <Filter>Source Files</Filter>
    </ClCompile>
    <ClCompile Include="func_str_to_date.cpp">
      <Filter>Source Files</Filter>
    </ClCompile>
    <ClCompile Include="func_strcmp.cpp">
      <Filter>Source Files</Filter>
    </ClCompile>
    <ClCompile Include="func_substr.cpp">
      <Filter>Source Files</Filter>
    </ClCompile>
    <ClCompile Include="func_substring_index.cpp">
      <Filter>Source Files</Filter>
    </ClCompile>
    <ClCompile Include="func_sysdate.cpp">
      <Filter>Source Files</Filter>
    </ClCompile>
    <ClCompile Include="func_time.cpp">
      <Filter>Source Files</Filter>
    </ClCompile>
    <ClCompile Include="func_time_format.cpp">
      <Filter>Source Files</Filter>
    </ClCompile>
    <ClCompile Include="func_time_to_sec.cpp">
      <Filter>Source Files</Filter>
    </ClCompile>
    <ClCompile Include="func_timediff.cpp">
      <Filter>Source Files</Filter>
    </ClCompile>
    <ClCompile Include="func_timestampdiff.cpp">
      <Filter>Source Files</Filter>
    </ClCompile>
    <ClCompile Include="func_to_days.cpp">
      <Filter>Source Files</Filter>
    </ClCompile>
    <ClCompile Include="func_trim.cpp">
      <Filter>Source Files</Filter>
    </ClCompile>
    <ClCompile Include="func_truncate.cpp">
      <Filter>Source Files</Filter>
    </ClCompile>
    <ClCompile Include="func_ucase.cpp">
      <Filter>Source Files</Filter>
    </ClCompile>
    <ClCompile Include="func_unhex.cpp">
      <Filter>Source Files</Filter>
    </ClCompile>
    <ClCompile Include="func_unix_timestamp.cpp">
      <Filter>Source Files</Filter>
    </ClCompile>
    <ClCompile Include="func_week.cpp">
      <Filter>Source Files</Filter>
    </ClCompile>
    <ClCompile Include="func_weekday.cpp">
      <Filter>Source Files</Filter>
    </ClCompile>
    <ClCompile Include="func_year.cpp">
      <Filter>Source Files</Filter>
    </ClCompile>
    <ClCompile Include="func_yearweek.cpp">
      <Filter>Source Files</Filter>
    </ClCompile>
    <ClCompile Include="funcexp.cpp">
      <Filter>Source Files</Filter>
    </ClCompile>
    <ClCompile Include="funcexpwrapper.cpp">
      <Filter>Source Files</Filter>
    </ClCompile>
    <ClCompile Include="functor.cpp">
      <Filter>Source Files</Filter>
    </ClCompile>
    <ClCompile Include="func_idbpartition.cpp">
      <Filter>Source Files</Filter>
    </ClCompile>
  </ItemGroup>
  <ItemGroup>
    <ClInclude Include="utf8\checked.h">
      <Filter>Header Files</Filter>
    </ClInclude>
    <ClInclude Include="utf8\core.h">
      <Filter>Header Files</Filter>
    </ClInclude>
    <ClInclude Include="funcexp.h">
      <Filter>Header Files</Filter>
    </ClInclude>
    <ClInclude Include="funcexpwrapper.h">
      <Filter>Header Files</Filter>
    </ClInclude>
    <ClInclude Include="funchelpers.h">
      <Filter>Header Files</Filter>
    </ClInclude>
    <ClInclude Include="functor.h">
      <Filter>Header Files</Filter>
    </ClInclude>
    <ClInclude Include="functor_all.h">
      <Filter>Header Files</Filter>
    </ClInclude>
    <ClInclude Include="functor_bool.h">
      <Filter>Header Files</Filter>
    </ClInclude>
    <ClInclude Include="functor_dtm.h">
      <Filter>Header Files</Filter>
    </ClInclude>
    <ClInclude Include="functor_export.h">
      <Filter>Header Files</Filter>
    </ClInclude>
    <ClInclude Include="functor_int.h">
      <Filter>Header Files</Filter>
    </ClInclude>
    <ClInclude Include="functor_real.h">
      <Filter>Header Files</Filter>
    </ClInclude>
    <ClInclude Include="functor_str.h">
      <Filter>Header Files</Filter>
    </ClInclude>
    <ClInclude Include="sha.h">
      <Filter>Header Files</Filter>
    </ClInclude>
    <ClInclude Include="utf8\unchecked.h">
      <Filter>Header Files</Filter>
    </ClInclude>
    <ClInclude Include="utf8.h">
      <Filter>Header Files</Filter>
    </ClInclude>
  </ItemGroup>
</Project>