<?xml version="1.0" encoding="utf-8"?>
<Project ToolsVersion="4.0" xmlns="http://schemas.microsoft.com/developer/msbuild/2003">
  <ItemGroup>
    <Filter Include="Source Files">
      <UniqueIdentifier>{4FC737F1-C7A5-4376-A066-2A32D752A2FF}</UniqueIdentifier>
      <Extensions>cpp;c;cc;cxx;def;odl;idl;hpj;bat;asm;asmx</Extensions>
    </Filter>
    <Filter Include="Header Files">
      <UniqueIdentifier>{93995380-89BD-4b04-88EB-625FBE52EBFB}</UniqueIdentifier>
      <Extensions>h;hpp;hxx;hm;inl;inc;xsd</Extensions>
    </Filter>
    <Filter Include="Resource Files">
      <UniqueIdentifier>{67DA6AB6-F800-4c08-8B7A-83BB121AAD01}</UniqueIdentifier>
      <Extensions>rc;ico;cur;bmp;dlg;rc2;rct;bin;rgs;gif;jpg;jpeg;jpe;resx;tiff;tif;png;wav</Extensions>
    </Filter>
  </ItemGroup>
  <ItemGroup>
    <ClCompile Include="autoincrementmanager.cpp">
      <Filter>Source Files</Filter>
    </ClCompile>
    <ClCompile Include="blockresolutionmanager.cpp">
      <Filter>Source Files</Filter>
    </ClCompile>
    <ClCompile Include="brmshmimpl.cpp">
      <Filter>Source Files</Filter>
    </ClCompile>
    <ClCompile Include="brmtypes.cpp">
      <Filter>Source Files</Filter>
    </ClCompile>
    <ClCompile Include="copylocks.cpp">
      <Filter>Source Files</Filter>
    </ClCompile>
    <ClCompile Include="dbrm.cpp">
      <Filter>Source Files</Filter>
    </ClCompile>
    <ClCompile Include="extentmap.cpp">
      <Filter>Source Files</Filter>
    </ClCompile>
    <ClCompile Include="lbidresourcegraph.cpp">
      <Filter>Source Files</Filter>
    </ClCompile>
    <ClCompile Include="logicalpartition.cpp">
      <Filter>Source Files</Filter>
    </ClCompile>
    <ClCompile Include="mastersegmenttable.cpp">
      <Filter>Source Files</Filter>
    </ClCompile>
    <ClCompile Include="oidserver.cpp">
      <Filter>Source Files</Filter>
    </ClCompile>
    <ClCompile Include="resourcenode.cpp">
      <Filter>Source Files</Filter>
    </ClCompile>
    <ClCompile Include="rgnode.cpp">
      <Filter>Source Files</Filter>
    </ClCompile>
    <ClCompile Include="rwlockmonitor.cpp">
      <Filter>Source Files</Filter>
    </ClCompile>
    <ClCompile Include="sessionmanagerserver.cpp">
      <Filter>Source Files</Filter>
    </ClCompile>
    <ClCompile Include="shmkeys.cpp">
      <Filter>Source Files</Filter>
    </ClCompile>
    <ClCompile Include="slavecomm.cpp">
      <Filter>Source Files</Filter>
    </ClCompile>
    <ClCompile Include="slavedbrmnode.cpp">
      <Filter>Source Files</Filter>
    </ClCompile>
    <ClCompile Include="tablelockserver.cpp">
      <Filter>Source Files</Filter>
    </ClCompile>
    <ClCompile Include="transactionnode.cpp">
      <Filter>Source Files</Filter>
    </ClCompile>
    <ClCompile Include="undoable.cpp">
      <Filter>Source Files</Filter>
    </ClCompile>
    <ClCompile Include="vbbm.cpp">
      <Filter>Source Files</Filter>
    </ClCompile>
    <ClCompile Include="vss.cpp">
      <Filter>Source Files</Filter>
    </ClCompile>
  </ItemGroup>
  <ItemGroup>
    <ClInclude Include="autoincrementmanager.h">
      <Filter>Header Files</Filter>
    </ClInclude>
    <ClInclude Include="blockresolutionmanager.h">
      <Filter>Header Files</Filter>
    </ClInclude>
    <ClInclude Include="brm.h">
      <Filter>Header Files</Filter>
    </ClInclude>
    <ClInclude Include="brmshmimpl.h">
      <Filter>Header Files</Filter>
    </ClInclude>
    <ClInclude Include="brmtypes.h">
      <Filter>Header Files</Filter>
    </ClInclude>
    <ClInclude Include="copylocks.h">
      <Filter>Header Files</Filter>
    </ClInclude>
    <ClInclude Include="dbrm.h">
      <Filter>Header Files</Filter>
    </ClInclude>
    <ClInclude Include="extentmap.h">
      <Filter>Header Files</Filter>
    </ClInclude>
    <ClInclude Include="lbidresourcegraph.h">
      <Filter>Header Files</Filter>
    </ClInclude>
    <ClInclude Include="logicalpartition.h">
      <Filter>Header Files</Filter>
    </ClInclude>
    <ClInclude Include="mastersegmenttable.h">
      <Filter>Header Files</Filter>
    </ClInclude>
    <ClInclude Include="oidserver.h">
      <Filter>Header Files</Filter>
    </ClInclude>
    <ClInclude Include="resourcenode.h">
      <Filter>Header Files</Filter>
    </ClInclude>
    <ClInclude Include="rgnode.h">
      <Filter>Header Files</Filter>
    </ClInclude>
    <ClInclude Include="rwlockmonitor.h">
      <Filter>Header Files</Filter>
    </ClInclude>
    <ClInclude Include="sessionmanagerserver.h">
      <Filter>Header Files</Filter>
    </ClInclude>
    <ClInclude Include="shmkeys.h">
      <Filter>Header Files</Filter>
    </ClInclude>
    <ClInclude Include="slavecomm.h">
      <Filter>Header Files</Filter>
    </ClInclude>
    <ClInclude Include="slavedbrmnode.h">
      <Filter>Header Files</Filter>
    </ClInclude>
    <ClInclude Include="tablelockserver.h">
      <Filter>Header Files</Filter>
    </ClInclude>
    <ClInclude Include="transactionnode.h">
      <Filter>Header Files</Filter>
    </ClInclude>
    <ClInclude Include="undoable.h">
      <Filter>Header Files</Filter>
    </ClInclude>
    <ClInclude Include="vbbm.h">
      <Filter>Header Files</Filter>
    </ClInclude>
    <ClInclude Include="vss.h">
      <Filter>Header Files</Filter>
    </ClInclude>
  </ItemGroup>
</Project>