<?xml version="1.0" encoding="utf-8"?>
<Project ToolsVersion="4.0" xmlns="http://schemas.microsoft.com/developer/msbuild/2003">
  <ItemGroup>
    <ClCompile Include="querytele.cpp">
      <Filter>Source Files</Filter>
    </ClCompile>
    <ClCompile Include="querytele_constants.cpp">
      <Filter>Source Files</Filter>
    </ClCompile>
    <ClCompile Include="querytele_types.cpp">
      <Filter>Source Files</Filter>
    </ClCompile>
    <ClCompile Include="queryteleclient.cpp">
      <Filter>Source Files</Filter>
    </ClCompile>
    <ClCompile Include="queryteleprotoimpl.cpp">
      <Filter>Source Files</Filter>
    </ClCompile>
    <ClCompile Include="QueryTeleService.cpp">
      <Filter>Source Files</Filter>
    </ClCompile>
  </ItemGroup>
  <ItemGroup>
    <ClInclude Include="querytele.h">
      <Filter>Header Files</Filter>
    </ClInclude>
    <ClInclude Include="querytele_constants.h">
      <Filter>Header Files</Filter>
    </ClInclude>
    <ClInclude Include="querytele_types.h">
      <Filter>Header Files</Filter>
    </ClInclude>
    <ClInclude Include="queryteleclient.h">
      <Filter>Header Files</Filter>
    </ClInclude>
    <ClInclude Include="queryteleprotoimpl.h">
      <Filter>Header Files</Filter>
    </ClInclude>
    <ClInclude Include="queryteleserverparms.h">
      <Filter>Header Files</Filter>
    </ClInclude>
    <ClInclude Include="QueryTeleService.h">
      <Filter>Header Files</Filter>
    </ClInclude>
    <ClInclude Include="telestats.h">
      <Filter>Header Files</Filter>
    </ClInclude>
  </ItemGroup>
  <ItemGroup>
    <Filter Include="Header Files">
      <UniqueIdentifier>{6c661aba-d9d9-4af3-b5f9-5459b5f5745d}</UniqueIdentifier>
      <Extensions>h;hpp;hxx;hm;inl;inc;xsd</Extensions>
    </Filter>
    <Filter Include="Source Files">
      <UniqueIdentifier>{f1ed41f2-249c-4c38-b58c-5ce31a066e68}</UniqueIdentifier>
      <Extensions>cpp;c;cc;cxx;def;odl;idl;hpj;bat;asm;asmx</Extensions>
    </Filter>
    <Filter Include="Resource Files">
      <UniqueIdentifier>{3a5a1c5b-b4a4-485b-ae71-57a11f10a759}</UniqueIdentifier>
      <Extensions>rc;ico;cur;bmp;dlg;rc2;rct;bin;rgs;gif;jpg;jpeg;jpe;resx;tiff;tif;png;wav</Extensions>
    </Filter>
  </ItemGroup>
</Project>