<?xml version="1.0" encoding="utf-8"?>
<Project ToolsVersion="4.0" xmlns="http://schemas.microsoft.com/developer/msbuild/2003">
  <ItemGroup>
    <Filter Include="Source Files">
      <UniqueIdentifier>{4FC737F1-C7A5-4376-A066-2A32D752A2FF}</UniqueIdentifier>
      <Extensions>cpp;c;cc;cxx;def;odl;idl;hpj;bat;asm;asmx</Extensions>
    </Filter>
    <Filter Include="Header Files">
      <UniqueIdentifier>{93995380-89BD-4b04-88EB-625FBE52EBFB}</UniqueIdentifier>
      <Extensions>h;hpp;hxx;hm;inl;inc;xsd</Extensions>
    </Filter>
    <Filter Include="Resource Files">
      <UniqueIdentifier>{67DA6AB6-F800-4c08-8B7A-83BB121AAD01}</UniqueIdentifier>
      <Extensions>rc;ico;cur;bmp;dlg;rc2;rct;bin;rgs;gif;jpg;jpeg;jpe;resx;tiff;tif;png;wav</Extensions>
    </Filter>
  </ItemGroup>
  <ItemGroup>
    <ClCompile Include="bytestream.cpp">
      <Filter>Source Files</Filter>
    </ClCompile>
    <ClCompile Include="compressed_iss.cpp">
      <Filter>Source Files</Filter>
    </ClCompile>
    <ClCompile Include="inetstreamsocket.cpp">
      <Filter>Source Files</Filter>
    </ClCompile>
    <ClCompile Include="iosocket.cpp">
      <Filter>Source Files</Filter>
    </ClCompile>
    <ClCompile Include="messagequeue.cpp">
      <Filter>Source Files</Filter>
    </ClCompile>
    <ClCompile Include="socketparms.cpp">
      <Filter>Source Files</Filter>
    </ClCompile>
  </ItemGroup>
  <ItemGroup>
    <ClInclude Include="bytestream.h">
      <Filter>Header Files</Filter>
    </ClInclude>
    <ClInclude Include="compressed_iss.h">
      <Filter>Header Files</Filter>
    </ClInclude>
    <ClInclude Include="inetstreamsocket.h">
      <Filter>Header Files</Filter>
    </ClInclude>
    <ClInclude Include="iosocket.h">
      <Filter>Header Files</Filter>
    </ClInclude>
    <ClInclude Include="messagequeue.h">
      <Filter>Header Files</Filter>
    </ClInclude>
    <ClInclude Include="serializeable.h">
      <Filter>Header Files</Filter>
    </ClInclude>
    <ClInclude Include="serversocket.h">
      <Filter>Header Files</Filter>
    </ClInclude>
    <ClInclude Include="socket.h">
      <Filter>Header Files</Filter>
    </ClInclude>
    <ClInclude Include="socketclosed.h">
      <Filter>Header Files</Filter>
    </ClInclude>
    <ClInclude Include="socketparms.h">
      <Filter>Header Files</Filter>
    </ClInclude>
  </ItemGroup>
</Project>