<?xml version="1.0" encoding="utf-8"?>
<Project ToolsVersion="4.0" xmlns="http://schemas.microsoft.com/developer/msbuild/2003">
  <ItemGroup>
    <Filter Include="Source Files">
      <UniqueIdentifier>{4FC737F1-C7A5-4376-A066-2A32D752A2FF}</UniqueIdentifier>
      <Extensions>cpp;c;cc;cxx;def;odl;idl;hpj;bat;asm;asmx</Extensions>
    </Filter>
    <Filter Include="Header Files">
      <UniqueIdentifier>{93995380-89BD-4b04-88EB-625FBE52EBFB}</UniqueIdentifier>
      <Extensions>h;hpp;hxx;hm;inl;inc;xsd</Extensions>
    </Filter>
    <Filter Include="Resource Files">
      <UniqueIdentifier>{67DA6AB6-F800-4c08-8B7A-83BB121AAD01}</UniqueIdentifier>
      <Extensions>rc;ico;cur;bmp;dlg;rc2;rct;bin;rgs;gif;jpg;jpeg;jpe;resx;tiff;tif;png;wav</Extensions>
    </Filter>
  </ItemGroup>
  <ItemGroup>
    <ClCompile Include="we_brmrprtparser.cpp">
      <Filter>Source Files</Filter>
    </ClCompile>
    <ClCompile Include="we_cleartablelockcmd.cpp">
      <Filter>Source Files</Filter>
    </ClCompile>
    <ClCompile Include="we_cpifeederthread.cpp">
      <Filter>Source Files</Filter>
    </ClCompile>
    <ClCompile Include="we_dataloader.cpp">
      <Filter>Source Files</Filter>
    </ClCompile>
    <ClCompile Include="we_ddlcommandproc.cpp">
      <Filter>Source Files</Filter>
    </ClCompile>
    <ClCompile Include="we_dmlcommandproc.cpp">
      <Filter>Source Files</Filter>
    </ClCompile>
    <ClCompile Include="we_getfilesizes.cpp">
      <Filter>Source Files</Filter>
    </ClCompile>
    <ClCompile Include="we_observer.cpp">
      <Filter>Source Files</Filter>
    </ClCompile>
    <ClCompile Include="we_readthread.cpp">
      <Filter>Source Files</Filter>
    </ClCompile>
    <ClCompile Include="..\redistribute\we_redistribute.cpp">
      <Filter>Source Files</Filter>
    </ClCompile>
    <ClCompile Include="..\redistribute\we_redistributecontrol.cpp">
      <Filter>Source Files</Filter>
    </ClCompile>
    <ClCompile Include="..\redistribute\we_redistributecontrolthread.cpp">
      <Filter>Source Files</Filter>
    </ClCompile>
    <ClCompile Include="..\redistribute\we_redistributeworkerthread.cpp">
      <Filter>Source Files</Filter>
    </ClCompile>
    <ClCompile Include="we_server.cpp">
      <Filter>Source Files</Filter>
    </ClCompile>
  </ItemGroup>
  <ItemGroup>
    <ClInclude Include="we_brmrprtparser.h">
      <Filter>Header Files</Filter>
    </ClInclude>
    <ClInclude Include="we_cleartablelockcmd.h">
      <Filter>Header Files</Filter>
    </ClInclude>
    <ClInclude Include="we_cpifeederthread.h">
      <Filter>Header Files</Filter>
    </ClInclude>
    <ClInclude Include="we_dataloader.h">
      <Filter>Header Files</Filter>
    </ClInclude>
    <ClInclude Include="we_ddlcommandproc.h">
      <Filter>Header Files</Filter>
    </ClInclude>
    <ClInclude Include="we_ddlcommon.h">
      <Filter>Header Files</Filter>
    </ClInclude>
    <ClInclude Include="we_dmlcommandproc.h">
      <Filter>Header Files</Filter>
    </ClInclude>
    <ClInclude Include="we_getfilesizes.h">
      <Filter>Header Files</Filter>
    </ClInclude>
    <ClInclude Include="we_message_handlers.h">
      <Filter>Header Files</Filter>
    </ClInclude>
    <ClInclude Include="we_messages.h">
      <Filter>Header Files</Filter>
    </ClInclude>
    <ClInclude Include="we_observer.h">
      <Filter>Header Files</Filter>
    </ClInclude>
    <ClInclude Include="we_readthread.h">
      <Filter>Header Files</Filter>
    </ClInclude>
    <ClInclude Include="..\redistribute\we_redistribute.h">
      <Filter>Header Files</Filter>
    </ClInclude>
    <ClInclude Include="..\redistribute\we_redistributecontrol.h">
      <Filter>Header Files</Filter>
    </ClInclude>
    <ClInclude Include="..\redistribute\we_redistributecontrolthread.h">
      <Filter>Header Files</Filter>
    </ClInclude>
    <ClInclude Include="..\redistribute\we_redistributedef.h">
      <Filter>Header Files</Filter>
    </ClInclude>
    <ClInclude Include="..\redistribute\we_redistributeworkerthread.h">
      <Filter>Header Files</Filter>
    </ClInclude>
  </ItemGroup>
  <ItemGroup>
    <ResourceCompile Include="WriteEngineServer.rc">
      <Filter>Resource Files</Filter>
    </ResourceCompile>
  </ItemGroup>
</Project>