<?xml version="1.0" encoding="utf-8"?>
<Project ToolsVersion="4.0" xmlns="http://schemas.microsoft.com/developer/msbuild/2003">
  <ItemGroup>
    <Filter Include="Source Files">
      <UniqueIdentifier>{4FC737F1-C7A5-4376-A066-2A32D752A2FF}</UniqueIdentifier>
      <Extensions>cpp;c;cc;cxx;def;odl;idl;hpj;bat;asm;asmx</Extensions>
    </Filter>
    <Filter Include="Header Files">
      <UniqueIdentifier>{93995380-89BD-4b04-88EB-625FBE52EBFB}</UniqueIdentifier>
      <Extensions>h;hpp;hxx;hm;inl;inc;xsd</Extensions>
    </Filter>
    <Filter Include="Resource Files">
      <UniqueIdentifier>{67DA6AB6-F800-4c08-8B7A-83BB121AAD01}</UniqueIdentifier>
      <Extensions>rc;ico;cur;bmp;dlg;rc2;rct;bin;rgs;gif;jpg;jpeg;jpe;resx;tiff;tif;png;wav</Extensions>
    </Filter>
  </ItemGroup>
  <ItemGroup>
    <ClCompile Include="shared\we_blockop.cpp">
      <Filter>Source Files</Filter>
    </ClCompile>
    <ClCompile Include="shared\we_brm.cpp">
      <Filter>Source Files</Filter>
    </ClCompile>
    <ClCompile Include="shared\we_bulkrollbackfile.cpp">
      <Filter>Source Files</Filter>
    </ClCompile>
    <ClCompile Include="shared\we_bulkrollbackfilecompressed.cpp">
      <Filter>Source Files</Filter>
    </ClCompile>
    <ClCompile Include="shared\we_bulkrollbackfilecompressedhdfs.cpp">
      <Filter>Source Files</Filter>
    </ClCompile>
    <ClCompile Include="shared\we_bulkrollbackmgr.cpp">
      <Filter>Source Files</Filter>
    </ClCompile>
    <ClCompile Include="shared\we_cache.cpp">
      <Filter>Source Files</Filter>
    </ClCompile>
    <ClCompile Include="shared\we_chunkmanager.cpp">
      <Filter>Source Files</Filter>
    </ClCompile>
    <ClCompile Include="wrapper\we_colop.cpp">
      <Filter>Source Files</Filter>
    </ClCompile>
    <ClCompile Include="wrapper\we_colopcompress.cpp">
      <Filter>Source Files</Filter>
    </ClCompile>
    <ClCompile Include="shared\we_config.cpp">
      <Filter>Source Files</Filter>
    </ClCompile>
    <ClCompile Include="shared\we_convertor.cpp">
      <Filter>Source Files</Filter>
    </ClCompile>
    <ClCompile Include="shared\we_dbfileop.cpp">
      <Filter>Source Files</Filter>
    </ClCompile>
    <ClCompile Include="shared\we_dbrootextenttracker.cpp">
      <Filter>Source Files</Filter>
    </ClCompile>
    <ClCompile Include="dictionary\we_dctnry.cpp">
      <Filter>Source Files</Filter>
    </ClCompile>
    <ClCompile Include="wrapper\we_dctnrycompress.cpp">
      <Filter>Source Files</Filter>
    </ClCompile>
    <ClCompile Include="shared\we_define.cpp">
      <Filter>Source Files</Filter>
    </ClCompile>
    <ClCompile Include="shared\we_fileop.cpp">
      <Filter>Source Files</Filter>
    </ClCompile>
    <ClCompile Include="shared\we_log.cpp">
      <Filter>Source Files</Filter>
    </ClCompile>
    <ClCompile Include="shared\we_rbmetawriter.cpp">
      <Filter>Source Files</Filter>
    </ClCompile>
    <ClCompile Include="shared\we_simplesyslog.cpp">
      <Filter>Source Files</Filter>
    </ClCompile>
    <ClCompile Include="shared\we_stats.cpp">
      <Filter>Source Files</Filter>
    </ClCompile>
    <ClCompile Include="wrapper\we_tablemetadata.cpp">
      <Filter>Source Files</Filter>
    </ClCompile>
    <ClCompile Include="xml\we_xmlgendata.cpp">
      <Filter>Source Files</Filter>
    </ClCompile>
    <ClCompile Include="xml\we_xmlgenproc.cpp">
      <Filter>Source Files</Filter>
    </ClCompile>
    <ClCompile Include="wrapper\writeengine.cpp">
      <Filter>Source Files</Filter>
    </ClCompile>
    <ClCompile Include="shared\we_confirmhdfsdbfile.cpp">
      <Filter>Source Files</Filter>
    </ClCompile>
  </ItemGroup>
  <ItemGroup>
    <ClInclude Include="resource.h">
      <Filter>Header Files</Filter>
    </ClInclude>
    <ClInclude Include="shared\we_blockop.h">
      <Filter>Header Files</Filter>
    </ClInclude>
    <ClInclude Include="shared\we_brm.h">
      <Filter>Header Files</Filter>
    </ClInclude>
    <ClInclude Include="shared\we_bulkrollbackfile.h">
      <Filter>Header Files</Filter>
    </ClInclude>
    <ClInclude Include="shared\we_bulkrollbackfilecompressed.h">
      <Filter>Header Files</Filter>
    </ClInclude>
    <ClInclude Include="shared\we_bulkrollbackfilecompressedhdfs.h">
      <Filter>Header Files</Filter>
    </ClInclude>
    <ClInclude Include="shared\we_bulkrollbackmgr.h">
      <Filter>Header Files</Filter>
    </ClInclude>
    <ClInclude Include="shared\we_cache.h">
      <Filter>Header Files</Filter>
    </ClInclude>
    <ClInclude Include="shared\we_chunkmanager.h">
      <Filter>Header Files</Filter>
    </ClInclude>
    <ClInclude Include="wrapper\we_colop.h">
      <Filter>Header Files</Filter>
    </ClInclude>
    <ClInclude Include="wrapper\we_colopcompress.h">
      <Filter>Header Files</Filter>
    </ClInclude>
    <ClInclude Include="shared\we_config.h">
      <Filter>Header Files</Filter>
    </ClInclude>
    <ClInclude Include="shared\we_convertor.h">
      <Filter>Header Files</Filter>
    </ClInclude>
    <ClInclude Include="shared\we_dbfileop.h">
      <Filter>Header Files</Filter>
    </ClInclude>
    <ClInclude Include="shared\we_dbrootextenttracker.h">
      <Filter>Header Files</Filter>
    </ClInclude>
    <ClInclude Include="dictionary\we_dctnry.h">
      <Filter>Header Files</Filter>
    </ClInclude>
    <ClInclude Include="wrapper\we_dctnrycompress.h">
      <Filter>Header Files</Filter>
    </ClInclude>
    <ClInclude Include="shared\we_define.h">
      <Filter>Header Files</Filter>
    </ClInclude>
    <ClInclude Include="shared\we_fileop.h">
      <Filter>Header Files</Filter>
    </ClInclude>
    <ClInclude Include="shared\we_index.h">
      <Filter>Header Files</Filter>
    </ClInclude>
    <ClInclude Include="shared\we_log.h">
      <Filter>Header Files</Filter>
    </ClInclude>
    <ClInclude Include="shared\we_macro.h">
      <Filter>Header Files</Filter>
    </ClInclude>
    <ClInclude Include="shared\we_obj.h">
      <Filter>Header Files</Filter>
    </ClInclude>
    <ClInclude Include="shared\we_rbmetawriter.h">
      <Filter>Header Files</Filter>
    </ClInclude>
    <ClInclude Include="shared\we_simplesyslog.h">
      <Filter>Header Files</Filter>
    </ClInclude>
    <ClInclude Include="shared\we_stats.h">
      <Filter>Header Files</Filter>
    </ClInclude>
    <ClInclude Include="wrapper\we_tablemetadata.h">
      <Filter>Header Files</Filter>
    </ClInclude>
    <ClInclude Include="shared\we_type.h">
      <Filter>Header Files</Filter>
    </ClInclude>
    <ClInclude Include="shared\we_typeext.h">
      <Filter>Header Files</Filter>
    </ClInclude>
    <ClInclude Include="xml\we_xmlgendata.h">
      <Filter>Header Files</Filter>
    </ClInclude>
    <ClInclude Include="xml\we_xmlgenproc.h">
      <Filter>Header Files</Filter>
    </ClInclude>
    <ClInclude Include="wrapper\writeengine.h">
      <Filter>Header Files</Filter>
    </ClInclude>
    <ClInclude Include="shared\we_confirmhdfsdbfile.h">
      <Filter>Header Files</Filter>
    </ClInclude>
  </ItemGroup>
  <ItemGroup>
    <ResourceCompile Include="libwriteengine.rc">
      <Filter>Resource Files</Filter>
    </ResourceCompile>
  </ItemGroup>
</Project>