<?xml version="1.0" encoding="utf-8"?>
<Project ToolsVersion="4.0" xmlns="http://schemas.microsoft.com/developer/msbuild/2003">
  <ItemGroup>
    <Filter Include="Source Files">
      <UniqueIdentifier>{4FC737F1-C7A5-4376-A066-2A32D752A2FF}</UniqueIdentifier>
      <Extensions>cpp;c;cc;cxx;def;odl;idl;hpj;bat;asm;asmx</Extensions>
    </Filter>
    <Filter Include="Header Files">
      <UniqueIdentifier>{93995380-89BD-4b04-88EB-625FBE52EBFB}</UniqueIdentifier>
      <Extensions>h;hpp;hxx;hm;inl;inc;xsd</Extensions>
    </Filter>
    <Filter Include="Resource Files">
      <UniqueIdentifier>{67DA6AB6-F800-4c08-8B7A-83BB121AAD01}</UniqueIdentifier>
      <Extensions>rc;ico;cur;bmp;dlg;rc2;rct;bin;rgs;gif;jpg;jpeg;jpe;resx;tiff;tif;png;wav</Extensions>
    </Filter>
  </ItemGroup>
  <ItemGroup>
    <ClCompile Include="anydatalist.cpp">
      <Filter>Source Files</Filter>
    </ClCompile>
    <ClCompile Include="batchprimitiveprocessor-jl.cpp">
      <Filter>Source Files</Filter>
    </ClCompile>
    <ClCompile Include="columncommand-jl.cpp">
      <Filter>Source Files</Filter>
    </ClCompile>
    <ClCompile Include="command-jl.cpp">
      <Filter>Source Files</Filter>
    </ClCompile>
    <ClCompile Include="crossenginestep.cpp">
      <Filter>Source Files</Filter>
    </ClCompile>
    <ClCompile Include="dictstep-jl.cpp">
      <Filter>Source Files</Filter>
    </ClCompile>
    <ClCompile Include="distributedenginecomm.cpp">
      <Filter>Source Files</Filter>
    </ClCompile>
    <ClCompile Include="elementtype.cpp">
      <Filter>Source Files</Filter>
    </ClCompile>
    <ClCompile Include="expressionstep.cpp">
      <Filter>Source Files</Filter>
    </ClCompile>
    <ClCompile Include="filtercommand-jl.cpp">
      <Filter>Source Files</Filter>
    </ClCompile>
    <ClCompile Include="filterstep.cpp">
      <Filter>Source Files</Filter>
    </ClCompile>
    <ClCompile Include="groupconcat.cpp">
      <Filter>Source Files</Filter>
    </ClCompile>
    <ClCompile Include="jl_logger.cpp">
      <Filter>Source Files</Filter>
    </ClCompile>
    <ClCompile Include="jlf_common.cpp">
      <Filter>Source Files</Filter>
    </ClCompile>
    <ClCompile Include="jlf_execplantojoblist.cpp">
      <Filter>Source Files</Filter>
    </ClCompile>
    <ClCompile Include="jlf_graphics.cpp">
      <Filter>Source Files</Filter>
    </ClCompile>
    <ClCompile Include="jlf_subquery.cpp">
      <Filter>Source Files</Filter>
    </ClCompile>
    <ClCompile Include="jlf_tuplejoblist.cpp">
      <Filter>Source Files</Filter>
    </ClCompile>
    <ClCompile Include="joblist.cpp">
      <Filter>Source Files</Filter>
    </ClCompile>
    <ClCompile Include="joblistfactory.cpp">
      <Filter>Source Files</Filter>
    </ClCompile>
    <ClCompile Include="jobstep.cpp">
      <Filter>Source Files</Filter>
    </ClCompile>
    <ClCompile Include="lbidlist.cpp">
      <Filter>Source Files</Filter>
    </ClCompile>
    <ClCompile Include="limitedorderby.cpp">
      <Filter>Source Files</Filter>
    </ClCompile>
    <ClCompile Include="passthrucommand-jl.cpp">
      <Filter>Source Files</Filter>
    </ClCompile>
    <ClCompile Include="passthrustep.cpp">
      <Filter>Source Files</Filter>
    </ClCompile>
    <ClCompile Include="pcolscan.cpp">
      <Filter>Source Files</Filter>
    </ClCompile>
    <ClCompile Include="pcolstep.cpp">
      <Filter>Source Files</Filter>
    </ClCompile>
    <ClCompile Include="pdictionary.cpp">
      <Filter>Source Files</Filter>
    </ClCompile>
    <ClCompile Include="pdictionaryscan.cpp">
      <Filter>Source Files</Filter>
    </ClCompile>
    <ClCompile Include="primitivemsg.cpp">
      <Filter>Source Files</Filter>
    </ClCompile>
    <ClCompile Include="resourcedistributor.cpp">
      <Filter>Source Files</Filter>
    </ClCompile>
    <ClCompile Include="resourcemanager.cpp">
      <Filter>Source Files</Filter>
    </ClCompile>
    <ClCompile Include="rowestimator.cpp">
      <Filter>Source Files</Filter>
    </ClCompile>
    <ClCompile Include="rtscommand-jl.cpp">
      <Filter>Source Files</Filter>
    </ClCompile>
    <ClCompile Include="subquerystep.cpp">
      <Filter>Source Files</Filter>
    </ClCompile>
    <ClCompile Include="subquerytransformer.cpp">
      <Filter>Source Files</Filter>
    </ClCompile>
    <ClCompile Include="tablecolumn.cpp">
      <Filter>Source Files</Filter>
    </ClCompile>
    <ClCompile Include="timestamp.cpp">
      <Filter>Source Files</Filter>
    </ClCompile>
    <ClCompile Include="tuple-bps.cpp">
      <Filter>Source Files</Filter>
    </ClCompile>
    <ClCompile Include="tupleaggregatestep.cpp">
      <Filter>Source Files</Filter>
    </ClCompile>
    <ClCompile Include="tupleannexstep.cpp">
      <Filter>Source Files</Filter>
    </ClCompile>
    <ClCompile Include="tupleconstantstep.cpp">
      <Filter>Source Files</Filter>
    </ClCompile>
    <ClCompile Include="tuplehashjoin.cpp">
      <Filter>Source Files</Filter>
    </ClCompile>
    <ClCompile Include="tuplehavingstep.cpp">
      <Filter>Source Files</Filter>
    </ClCompile>
    <ClCompile Include="tupleunion.cpp">
      <Filter>Source Files</Filter>
    </ClCompile>
    <ClCompile Include="unique32generator.cpp">
      <Filter>Source Files</Filter>
    </ClCompile>
    <ClCompile Include="virtualtable.cpp">
      <Filter>Source Files</Filter>
    </ClCompile>
    <ClCompile Include="windowfunctionstep.cpp">
      <Filter>Source Files</Filter>
    </ClCompile>
    <ClCompile Include="pseudocc-jl.cpp">
      <Filter>Source Files</Filter>
    </ClCompile>
    <ClCompile Include="diskjoinstep.cpp">
      <Filter>Source Files</Filter>
    </ClCompile>
  </ItemGroup>
  <ItemGroup>
    <ClInclude Include="batchprimitiveprocessor-jl.h">
      <Filter>Header Files</Filter>
    </ClInclude>
    <ClInclude Include="bpp-jl.h">
      <Filter>Header Files</Filter>
    </ClInclude>
    <ClInclude Include="columncommand-jl.h">
      <Filter>Header Files</Filter>
    </ClInclude>
    <ClInclude Include="command-jl.h">
      <Filter>Header Files</Filter>
    </ClInclude>
    <ClInclude Include="constantdatalist.h">
      <Filter>Header Files</Filter>
    </ClInclude>
    <ClInclude Include="crossenginestep.h">
      <Filter>Header Files</Filter>
    </ClInclude>
    <ClInclude Include="datalist.h">
      <Filter>Header Files</Filter>
    </ClInclude>
    <ClInclude Include="datalistimpl.h">
      <Filter>Header Files</Filter>
    </ClInclude>
    <ClInclude Include="deliverywsdl.h">
      <Filter>Header Files</Filter>
    </ClInclude>
    <ClInclude Include="dictstep-jl.h">
      <Filter>Header Files</Filter>
    </ClInclude>
    <ClInclude Include="distributedenginecomm.h">
      <Filter>Header Files</Filter>
    </ClInclude>
    <ClInclude Include="elementcompression.h">
      <Filter>Header Files</Filter>
    </ClInclude>
    <ClInclude Include="elementtype.h">
      <Filter>Header Files</Filter>
    </ClInclude>
    <ClInclude Include="expressionstep.h">
      <Filter>Header Files</Filter>
    </ClInclude>
    <ClInclude Include="fifo.h">
      <Filter>Header Files</Filter>
    </ClInclude>
    <ClInclude Include="filtercommand-jl.h">
      <Filter>Header Files</Filter>
    </ClInclude>
    <ClInclude Include="filteroperation.h">
      <Filter>Header Files</Filter>
    </ClInclude>
    <ClInclude Include="groupconcat.h">
      <Filter>Header Files</Filter>
    </ClInclude>
    <ClInclude Include="hashjoin.h">
      <Filter>Header Files</Filter>
    </ClInclude>
    <ClInclude Include="jl_logger.h">
      <Filter>Header Files</Filter>
    </ClInclude>
    <ClInclude Include="jlf_common.h">
      <Filter>Header Files</Filter>
    </ClInclude>
    <ClInclude Include="jlf_execplantojoblist.h">
      <Filter>Header Files</Filter>
    </ClInclude>
    <ClInclude Include="jlf_graphics.h">
      <Filter>Header Files</Filter>
    </ClInclude>
    <ClInclude Include="jlf_subquery.h">
      <Filter>Header Files</Filter>
    </ClInclude>
    <ClInclude Include="jlf_tuplejoblist.h">
      <Filter>Header Files</Filter>
    </ClInclude>
    <ClInclude Include="joblist.h">
      <Filter>Header Files</Filter>
    </ClInclude>
    <ClInclude Include="joblistfactory.h">
      <Filter>Header Files</Filter>
    </ClInclude>
    <ClInclude Include="joblisttypes.h">
      <Filter>Header Files</Filter>
    </ClInclude>
    <ClInclude Include="jobstep.h">
      <Filter>Header Files</Filter>
    </ClInclude>
    <ClInclude Include="largedatalist.h">
      <Filter>Header Files</Filter>
    </ClInclude>
    <ClInclude Include="largehashjoin.h">
      <Filter>Header Files</Filter>
    </ClInclude>
    <ClInclude Include="lbidlist.h">
      <Filter>Header Files</Filter>
    </ClInclude>
    <ClInclude Include="limitedorderby.h">
      <Filter>Header Files</Filter>
    </ClInclude>
    <ClInclude Include="passthrucommand-jl.h">
      <Filter>Header Files</Filter>
    </ClInclude>
    <ClInclude Include="pidxlist.h">
      <Filter>Header Files</Filter>
    </ClInclude>
    <ClInclude Include="pidxwalk.h">
      <Filter>Header Files</Filter>
    </ClInclude>
    <ClInclude Include="primitivemsg.h">
      <Filter>Header Files</Filter>
    </ClInclude>
    <ClInclude Include="profiling.h">
      <Filter>Header Files</Filter>
    </ClInclude>
    <ClInclude Include="resource.h">
      <Filter>Header Files</Filter>
    </ClInclude>
    <ClInclude Include="resourcedistributor.h">
      <Filter>Header Files</Filter>
    </ClInclude>
    <ClInclude Include="resourcemanager.h">
      <Filter>Header Files</Filter>
    </ClInclude>
    <ClInclude Include="rowestimator.h">
      <Filter>Header Files</Filter>
    </ClInclude>
    <ClInclude Include="rtscommand-jl.h">
      <Filter>Header Files</Filter>
    </ClInclude>
    <ClInclude Include="subquerystep.h">
      <Filter>Header Files</Filter>
    </ClInclude>
    <ClInclude Include="subquerytransformer.h">
      <Filter>Header Files</Filter>
    </ClInclude>
    <ClInclude Include="swsdl.h">
      <Filter>Header Files</Filter>
    </ClInclude>
    <ClInclude Include="tableband.h">
      <Filter>Header Files</Filter>
    </ClInclude>
    <ClInclude Include="tablecolumn.h">
      <Filter>Header Files</Filter>
    </ClInclude>
    <ClInclude Include="threadsafequeue.h">
      <Filter>Header Files</Filter>
    </ClInclude>
    <ClInclude Include="timeset.h">
      <Filter>Header Files</Filter>
    </ClInclude>
    <ClInclude Include="timestamp.h">
      <Filter>Header Files</Filter>
    </ClInclude>
    <ClInclude Include="tupleaggregatestep.h">
      <Filter>Header Files</Filter>
    </ClInclude>
    <ClInclude Include="tupleannexstep.h">
      <Filter>Header Files</Filter>
    </ClInclude>
    <ClInclude Include="tupleconstantstep.h">
      <Filter>Header Files</Filter>
    </ClInclude>
    <ClInclude Include="tuplehashjoin.h">
      <Filter>Header Files</Filter>
    </ClInclude>
    <ClInclude Include="tuplehavingstep.h">
      <Filter>Header Files</Filter>
    </ClInclude>
    <ClInclude Include="tupleunion.h">
      <Filter>Header Files</Filter>
    </ClInclude>
    <ClInclude Include="tuplewsdl.h">
      <Filter>Header Files</Filter>
    </ClInclude>
    <ClInclude Include="unique32generator.h">
      <Filter>Header Files</Filter>
    </ClInclude>
    <ClInclude Include="virtualtable.h">
      <Filter>Header Files</Filter>
    </ClInclude>
    <ClInclude Include="windowstep.h">
      <Filter>Header Files</Filter>
    </ClInclude>
    <ClInclude Include="wsdl.h">
      <Filter>Header Files</Filter>
    </ClInclude>
    <ClInclude Include="zdl.h">
      <Filter>Header Files</Filter>
    </ClInclude>
    <ClInclude Include="primitivestep.h">
      <Filter>Header Files</Filter>
    </ClInclude>
    <ClInclude Include="pseudocc-jl.h">
      <Filter>Header Files</Filter>
    </ClInclude>
    <ClInclude Include="diskjoinstep.h">
      <Filter>Header Files</Filter>
    </ClInclude>
  </ItemGroup>
  <ItemGroup>
    <ResourceCompile Include="libjoblist.rc">
      <Filter>Resource Files</Filter>
    </ResourceCompile>
  </ItemGroup>
</Project>